
Microsoft Visual Studio Solution File, Format Version 12.00
# Visual Studio Version 16
VisualStudioVersion = 16.0.31306.274
MinimumVisualStudioVersion = 10.0.40219.1
Project("{FAE04EC0-301F-11D3-BF4B-00C04F79EFBC}") = "Losowe Menu", "Losowe Menu\Losowe Menu.csproj", "{033B69BE-2624-469B-B1D6-EE4BC8E27F3E}"
EndProject
Global
	GlobalSection(SolutionConfigurationPlatforms) = preSolution
		Debug|Any CPU = Debug|Any CPU
		Release|Any CPU = Release|Any CPU
	EndGlobalSection
	GlobalSection(ProjectConfigurationPlatforms) = postSolution
		{033B69BE-2624-469B-B1D6-EE4BC8E27F3E}.Debug|Any CPU.ActiveCfg = Debug|Any CPU
		{033B69BE-2624-469B-B1D6-EE4BC8E27F3E}.Debug|Any CPU.Build.0 = Debug|Any CPU
		{033B69BE-2624-469B-B1D6-EE4BC8E27F3E}.Release|Any CPU.ActiveCfg = Release|Any CPU
		{033B69BE-2624-469B-B1D6-EE4BC8E27F3E}.Release|Any CPU.Build.0 = Release|Any CPU
	EndGlobalSection
	GlobalSection(SolutionProperties) = preSolution
		HideSolutionNode = FALSE
	EndGlobalSection
	GlobalSection(ExtensibilityGlobals) = postSolution
		SolutionGuid = {32AE91A2-46F4-4A57-B428-69A1619430F1}
	EndGlobalSection
EndGlobal
